
Microsoft Visual Studio Solution File, Format Version 12.00
# Visual Studio 15
VisualStudioVersion = 15.0.28010.2019
MinimumVisualStudioVersion = 10.0.40219.1
Project("{FAE04EC0-301F-11D3-BF4B-00C04F79EFBC}") = "OwlCard", "OwlCard\OwlCard.csproj", "{29396FD2-81B1-4FF1-AE57-8CA8309DBFEF}"
EndProject
Global
	GlobalSection(SolutionConfigurationPlatforms) = preSolution
		Debug|Any CPU = Debug|Any CPU
		Release|Any CPU = Release|Any CPU
	EndGlobalSection
	GlobalSection(ProjectConfigurationPlatforms) = postSolution
		{29396FD2-81B1-4FF1-AE57-8CA8309DBFEF}.Debug|Any CPU.ActiveCfg = Debug|Any CPU
		{29396FD2-81B1-4FF1-AE57-8CA8309DBFEF}.Debug|Any CPU.Build.0 = Debug|Any CPU
		{29396FD2-81B1-4FF1-AE57-8CA8309DBFEF}.Release|Any CPU.ActiveCfg = Release|Any CPU
		{29396FD2-81B1-4FF1-AE57-8CA8309DBFEF}.Release|Any CPU.Build.0 = Release|Any CPU
	EndGlobalSection
	GlobalSection(SolutionProperties) = preSolution
		HideSolutionNode = FALSE
	EndGlobalSection
	GlobalSection(ExtensibilityGlobals) = postSolution
		SolutionGuid = {EF79C072-E6A6-4479-A8B6-CA81B970DACD}
	EndGlobalSection
EndGlobal
